
Microsoft Visual Studio Solution File, Format Version 11.00
# Visual Studio 2010
Project("{8BC9CEB8-8B4A-11D0-8D11-00A0C91BC942}") = "crx2rnx", "crx2rnx\crx2rnx.vcxproj", "{E7CEC48F-B9F5-42CD-B151-70DDF330C888}"
EndProject
Global
	GlobalSection(SolutionConfigurationPlatforms) = preSolution
		Debug|Win32 = Debug|Win32
		Release|Win32 = Release|Win32
	EndGlobalSection
	GlobalSection(ProjectConfigurationPlatforms) = postSolution
		{E7CEC48F-B9F5-42CD-B151-70DDF330C888}.Debug|Win32.ActiveCfg = Debug|Win32
		{E7CEC48F-B9F5-42CD-B151-70DDF330C888}.Debug|Win32.Build.0 = Debug|Win32
		{E7CEC48F-B9F5-42CD-B151-70DDF330C888}.Release|Win32.ActiveCfg = Release|Win32
		{E7CEC48F-B9F5-42CD-B151-70DDF330C888}.Release|Win32.Build.0 = Release|Win32
	EndGlobalSection
	GlobalSection(SolutionProperties) = preSolution
		HideSolutionNode = FALSE
	EndGlobalSection
EndGlobal
